// !$*UTF8*$!
{
	archiveVersion = 1;
	classes = {
	};
	objectVersion = 56;
	objects = {

/* Begin PBXBuildFile section */
		E330BEF72C26A4F100D877B1 /* AppDelegate.swift in Sources */ = {isa = PBXBuildFile; fileRef = E330BEF62C26A4F100D877B1 /* AppDelegate.swift */; };
		E330BEF92C26A4F100D877B1 /* SceneDelegate.swift in Sources */ = {isa = PBXBuildFile; fileRef = E330BEF82C26A4F100D877B1 /* SceneDelegate.swift */; };
		E330BF002C26A4F200D877B1 /* Assets.xcassets in Resources */ = {isa = PBXBuildFile; fileRef = E330BEFF2C26A4F200D877B1 /* Assets.xcassets */; };
		E330BF032C26A4F200D877B1 /* Base in Resources */ = {isa = PBXBuildFile; fileRef = E330BF022C26A4F200D877B1 /* Base */; };
		E330BF0E2C26A4F200D877B1 /* InstagramCloneCodingTests.swift in Sources */ = {isa = PBXBuildFile; fileRef = E330BF0D2C26A4F200D877B1 /* InstagramCloneCodingTests.swift */; };
		E330BF182C26A4F200D877B1 /* InstagramCloneCodingUITests.swift in Sources */ = {isa = PBXBuildFile; fileRef = E330BF172C26A4F200D877B1 /* InstagramCloneCodingUITests.swift */; };
		E330BF1A2C26A4F200D877B1 /* InstagramCloneCodingUITestsLaunchTests.swift in Sources */ = {isa = PBXBuildFile; fileRef = E330BF192C26A4F200D877B1 /* InstagramCloneCodingUITestsLaunchTests.swift */; };
		E38DE66B2C28128F000849AE /* ProfileCell.swift in Sources */ = {isa = PBXBuildFile; fileRef = E38DE66A2C28128F000849AE /* ProfileCell.swift */; };
		E38DE66D2C281298000849AE /* ProfileHeader.swift in Sources */ = {isa = PBXBuildFile; fileRef = E38DE66C2C281298000849AE /* ProfileHeader.swift */; };
		E3A863432C2D624D009CD883 /* UserService.swift in Sources */ = {isa = PBXBuildFile; fileRef = E3A863422C2D624D009CD883 /* UserService.swift */; };
		E3B62C3A2C26FB2100E897A1 /* LoginController.swift in Sources */ = {isa = PBXBuildFile; fileRef = E3B62C392C26FB2100E897A1 /* LoginController.swift */; };
		E3B62C3C2C26FB3400E897A1 /* RegistrationController.swift in Sources */ = {isa = PBXBuildFile; fileRef = E3B62C3B2C26FB3400E897A1 /* RegistrationController.swift */; };
		E3B62C3E2C27042000E897A1 /* CustomTextField.swift in Sources */ = {isa = PBXBuildFile; fileRef = E3B62C3D2C27042000E897A1 /* CustomTextField.swift */; };
		E3B62C402C2712D800E897A1 /* CustomButton.swift in Sources */ = {isa = PBXBuildFile; fileRef = E3B62C3F2C2712D800E897A1 /* CustomButton.swift */; };
		E3B62C422C27218C00E897A1 /* AuthenticationViewModel.swift in Sources */ = {isa = PBXBuildFile; fileRef = E3B62C412C27218C00E897A1 /* AuthenticationViewModel.swift */; };
		E3CCEAD22C26A71300634108 /* MainTabController.swift in Sources */ = {isa = PBXBuildFile; fileRef = E3CCEAD12C26A71300634108 /* MainTabController.swift */; };
		E3CCEAD42C26A84C00634108 /* FeedController.swift in Sources */ = {isa = PBXBuildFile; fileRef = E3CCEAD32C26A84C00634108 /* FeedController.swift */; };
		E3CCEAD62C26A85100634108 /* SearchController.swift in Sources */ = {isa = PBXBuildFile; fileRef = E3CCEAD52C26A85100634108 /* SearchController.swift */; };
		E3CCEAD82C26A85A00634108 /* ImageSelectController.swift in Sources */ = {isa = PBXBuildFile; fileRef = E3CCEAD72C26A85A00634108 /* ImageSelectController.swift */; };
		E3CCEADA2C26A86400634108 /* NotificationController.swift in Sources */ = {isa = PBXBuildFile; fileRef = E3CCEAD92C26A86400634108 /* NotificationController.swift */; };
		E3CCEADC2C26A86B00634108 /* ProfileController.swift in Sources */ = {isa = PBXBuildFile; fileRef = E3CCEADB2C26A86B00634108 /* ProfileController.swift */; };
		E3CCEB1D2C26BF3700634108 /* FeedCell.swift in Sources */ = {isa = PBXBuildFile; fileRef = E3CCEB1C2C26BF3700634108 /* FeedCell.swift */; };
		E3CCEB202C26C02300634108 /* Constants.swift in Sources */ = {isa = PBXBuildFile; fileRef = E3CCEB1F2C26C02300634108 /* Constants.swift */; };
		E3CCEB222C26C1C100634108 /* Extensions.swift in Sources */ = {isa = PBXBuildFile; fileRef = E3CCEB212C26C1C100634108 /* Extensions.swift */; };
		E3FA15772C27DCBC0048DC50 /* Alamofire in Frameworks */ = {isa = PBXBuildFile; productRef = E3FA15762C27DCBC0048DC50 /* Alamofire */; };
		E3FA157A2C27DDA50048DC50 /* FirebaseAnalytics in Frameworks */ = {isa = PBXBuildFile; productRef = E3FA15792C27DDA50048DC50 /* FirebaseAnalytics */; };
		E3FA157C2C27DDA50048DC50 /* FirebaseAnalyticsOnDeviceConversion in Frameworks */ = {isa = PBXBuildFile; productRef = E3FA157B2C27DDA50048DC50 /* FirebaseAnalyticsOnDeviceConversion */; };
		E3FA157E2C27DDA50048DC50 /* FirebaseAnalyticsSwift in Frameworks */ = {isa = PBXBuildFile; productRef = E3FA157D2C27DDA50048DC50 /* FirebaseAnalyticsSwift */; };
		E3FA15802C27DDA50048DC50 /* FirebaseAnalyticsWithoutAdIdSupport in Frameworks */ = {isa = PBXBuildFile; productRef = E3FA157F2C27DDA50048DC50 /* FirebaseAnalyticsWithoutAdIdSupport */; };
		E3FA15822C27DDA50048DC50 /* FirebaseAppCheck in Frameworks */ = {isa = PBXBuildFile; productRef = E3FA15812C27DDA50048DC50 /* FirebaseAppCheck */; };
		E3FA15842C27DDA50048DC50 /* FirebaseAppDistribution-Beta in Frameworks */ = {isa = PBXBuildFile; productRef = E3FA15832C27DDA50048DC50 /* FirebaseAppDistribution-Beta */; };
		E3FA15862C27DDA50048DC50 /* FirebaseAuth in Frameworks */ = {isa = PBXBuildFile; productRef = E3FA15852C27DDA50048DC50 /* FirebaseAuth */; };
		E3FA15882C27DDA50048DC50 /* FirebaseAuthCombine-Community in Frameworks */ = {isa = PBXBuildFile; productRef = E3FA15872C27DDA50048DC50 /* FirebaseAuthCombine-Community */; };
		E3FA158A2C27DDA50048DC50 /* FirebaseCrashlytics in Frameworks */ = {isa = PBXBuildFile; productRef = E3FA15892C27DDA50048DC50 /* FirebaseCrashlytics */; };
		E3FA158C2C27DDA50048DC50 /* FirebaseDatabase in Frameworks */ = {isa = PBXBuildFile; productRef = E3FA158B2C27DDA50048DC50 /* FirebaseDatabase */; };
		E3FA158E2C27DDA50048DC50 /* FirebaseDatabaseSwift in Frameworks */ = {isa = PBXBuildFile; productRef = E3FA158D2C27DDA50048DC50 /* FirebaseDatabaseSwift */; };
		E3FA15902C27DDA50048DC50 /* FirebaseDynamicLinks in Frameworks */ = {isa = PBXBuildFile; productRef = E3FA158F2C27DDA50048DC50 /* FirebaseDynamicLinks */; };
		E3FA15922C27DDA50048DC50 /* FirebaseFirestore in Frameworks */ = {isa = PBXBuildFile; productRef = E3FA15912C27DDA50048DC50 /* FirebaseFirestore */; };
		E3FA15942C27DDA50048DC50 /* FirebaseFirestoreCombine-Community in Frameworks */ = {isa = PBXBuildFile; productRef = E3FA15932C27DDA50048DC50 /* FirebaseFirestoreCombine-Community */; };
		E3FA15962C27DDA50048DC50 /* FirebaseFirestoreSwift in Frameworks */ = {isa = PBXBuildFile; productRef = E3FA15952C27DDA50048DC50 /* FirebaseFirestoreSwift */; };
		E3FA15982C27DDA50048DC50 /* FirebaseFunctions in Frameworks */ = {isa = PBXBuildFile; productRef = E3FA15972C27DDA50048DC50 /* FirebaseFunctions */; };
		E3FA159A2C27DDA50048DC50 /* FirebaseFunctionsCombine-Community in Frameworks */ = {isa = PBXBuildFile; productRef = E3FA15992C27DDA50048DC50 /* FirebaseFunctionsCombine-Community */; };
		E3FA159C2C27DDA50048DC50 /* FirebaseInAppMessaging-Beta in Frameworks */ = {isa = PBXBuildFile; productRef = E3FA159B2C27DDA50048DC50 /* FirebaseInAppMessaging-Beta */; };
		E3FA159E2C27DDA50048DC50 /* FirebaseInAppMessagingSwift-Beta in Frameworks */ = {isa = PBXBuildFile; productRef = E3FA159D2C27DDA50048DC50 /* FirebaseInAppMessagingSwift-Beta */; };
		E3FA15A02C27DDA50048DC50 /* FirebaseInstallations in Frameworks */ = {isa = PBXBuildFile; productRef = E3FA159F2C27DDA50048DC50 /* FirebaseInstallations */; };
		E3FA15A22C27DDA50048DC50 /* FirebaseMLModelDownloader in Frameworks */ = {isa = PBXBuildFile; productRef = E3FA15A12C27DDA50048DC50 /* FirebaseMLModelDownloader */; };
		E3FA15A42C27DDA50048DC50 /* FirebaseMessaging in Frameworks */ = {isa = PBXBuildFile; productRef = E3FA15A32C27DDA50048DC50 /* FirebaseMessaging */; };
		E3FA15A62C27DDA50048DC50 /* FirebasePerformance in Frameworks */ = {isa = PBXBuildFile; productRef = E3FA15A52C27DDA50048DC50 /* FirebasePerformance */; };
		E3FA15A82C27DDA50048DC50 /* FirebaseRemoteConfig in Frameworks */ = {isa = PBXBuildFile; productRef = E3FA15A72C27DDA50048DC50 /* FirebaseRemoteConfig */; };
		E3FA15AA2C27DDA50048DC50 /* FirebaseRemoteConfigSwift in Frameworks */ = {isa = PBXBuildFile; productRef = E3FA15A92C27DDA50048DC50 /* FirebaseRemoteConfigSwift */; };
		E3FA15AC2C27DDA50048DC50 /* FirebaseStorage in Frameworks */ = {isa = PBXBuildFile; productRef = E3FA15AB2C27DDA50048DC50 /* FirebaseStorage */; };
		E3FA15AE2C27DDA50048DC50 /* FirebaseStorageCombine-Community in Frameworks */ = {isa = PBXBuildFile; productRef = E3FA15AD2C27DDA50048DC50 /* FirebaseStorageCombine-Community */; };
		E3FA15B02C27DDA50048DC50 /* FirebaseVertexAI-Preview in Frameworks */ = {isa = PBXBuildFile; productRef = E3FA15AF2C27DDA50048DC50 /* FirebaseVertexAI-Preview */; };
		E3FA15B22C27E0400048DC50 /* GoogleService-Info.plist in Resources */ = {isa = PBXBuildFile; fileRef = E3FA15B12C27E0400048DC50 /* GoogleService-Info.plist */; };
		E3FA15B42C27E1910048DC50 /* ImageUploader.swift in Sources */ = {isa = PBXBuildFile; fileRef = E3FA15B32C27E1910048DC50 /* ImageUploader.swift */; };
		E3FA15B62C27E1990048DC50 /* AuthService.swift in Sources */ = {isa = PBXBuildFile; fileRef = E3FA15B52C27E1990048DC50 /* AuthService.swift */; };
/* End PBXBuildFile section */

/* Begin PBXContainerItemProxy section */
		E330BF0A2C26A4F200D877B1 /* PBXContainerItemProxy */ = {
			isa = PBXContainerItemProxy;
			containerPortal = E330BEEB2C26A4F100D877B1 /* Project object */;
			proxyType = 1;
			remoteGlobalIDString = E330BEF22C26A4F100D877B1;
			remoteInfo = InstagramCloneCoding;
		};
		E330BF142C26A4F200D877B1 /* PBXContainerItemProxy */ = {
			isa = PBXContainerItemProxy;
			containerPortal = E330BEEB2C26A4F100D877B1 /* Project object */;
			proxyType = 1;
			remoteGlobalIDString = E330BEF22C26A4F100D877B1;
			remoteInfo = InstagramCloneCoding;
		};
/* End PBXContainerItemProxy section */

/* Begin PBXFileReference section */
		E330BEF32C26A4F100D877B1 /* InstagramCloneCoding.app */ = {isa = PBXFileReference; explicitFileType = wrapper.application; includeInIndex = 0; path = InstagramCloneCoding.app; sourceTree = BUILT_PRODUCTS_DIR; };
		E330BEF62C26A4F100D877B1 /* AppDelegate.swift */ = {isa = PBXFileReference; lastKnownFileType = sourcecode.swift; path = AppDelegate.swift; sourceTree = "<group>"; };
		E330BEF82C26A4F100D877B1 /* SceneDelegate.swift */ = {isa = PBXFileReference; lastKnownFileType = sourcecode.swift; path = SceneDelegate.swift; sourceTree = "<group>"; };
		E330BEFF2C26A4F200D877B1 /* Assets.xcassets */ = {isa = PBXFileReference; lastKnownFileType = folder.assetcatalog; path = Assets.xcassets; sourceTree = "<group>"; };
		E330BF022C26A4F200D877B1 /* Base */ = {isa = PBXFileReference; lastKnownFileType = file.storyboard; name = Base; path = Base.lproj/LaunchScreen.storyboard; sourceTree = "<group>"; };
		E330BF042C26A4F200D877B1 /* Info.plist */ = {isa = PBXFileReference; lastKnownFileType = text.plist.xml; path = Info.plist; sourceTree = "<group>"; };
		E330BF092C26A4F200D877B1 /* InstagramCloneCodingTests.xctest */ = {isa = PBXFileReference; explicitFileType = wrapper.cfbundle; includeInIndex = 0; path = InstagramCloneCodingTests.xctest; sourceTree = BUILT_PRODUCTS_DIR; };
		E330BF0D2C26A4F200D877B1 /* InstagramCloneCodingTests.swift */ = {isa = PBXFileReference; lastKnownFileType = sourcecode.swift; path = InstagramCloneCodingTests.swift; sourceTree = "<group>"; };
		E330BF132C26A4F200D877B1 /* InstagramCloneCodingUITests.xctest */ = {isa = PBXFileReference; explicitFileType = wrapper.cfbundle; includeInIndex = 0; path = InstagramCloneCodingUITests.xctest; sourceTree = BUILT_PRODUCTS_DIR; };
		E330BF172C26A4F200D877B1 /* InstagramCloneCodingUITests.swift */ = {isa = PBXFileReference; lastKnownFileType = sourcecode.swift; path = InstagramCloneCodingUITests.swift; sourceTree = "<group>"; };
		E330BF192C26A4F200D877B1 /* InstagramCloneCodingUITestsLaunchTests.swift */ = {isa = PBXFileReference; lastKnownFileType = sourcecode.swift; path = InstagramCloneCodingUITestsLaunchTests.swift; sourceTree = "<group>"; };
		E38DE66A2C28128F000849AE /* ProfileCell.swift */ = {isa = PBXFileReference; lastKnownFileType = sourcecode.swift; path = ProfileCell.swift; sourceTree = "<group>"; };
		E38DE66C2C281298000849AE /* ProfileHeader.swift */ = {isa = PBXFileReference; lastKnownFileType = sourcecode.swift; path = ProfileHeader.swift; sourceTree = "<group>"; };
		E3A863422C2D624D009CD883 /* UserService.swift */ = {isa = PBXFileReference; lastKnownFileType = sourcecode.swift; path = UserService.swift; sourceTree = "<group>"; };
		E3B62C392C26FB2100E897A1 /* LoginController.swift */ = {isa = PBXFileReference; lastKnownFileType = sourcecode.swift; path = LoginController.swift; sourceTree = "<group>"; };
		E3B62C3B2C26FB3400E897A1 /* RegistrationController.swift */ = {isa = PBXFileReference; lastKnownFileType = sourcecode.swift; path = RegistrationController.swift; sourceTree = "<group>"; };
		E3B62C3D2C27042000E897A1 /* CustomTextField.swift */ = {isa = PBXFileReference; lastKnownFileType = sourcecode.swift; path = CustomTextField.swift; sourceTree = "<group>"; };
		E3B62C3F2C2712D800E897A1 /* CustomButton.swift */ = {isa = PBXFileReference; lastKnownFileType = sourcecode.swift; path = CustomButton.swift; sourceTree = "<group>"; };
		E3B62C412C27218C00E897A1 /* AuthenticationViewModel.swift */ = {isa = PBXFileReference; lastKnownFileType = sourcecode.swift; path = AuthenticationViewModel.swift; sourceTree = "<group>"; };
		E3CCEAD12C26A71300634108 /* MainTabController.swift */ = {isa = PBXFileReference; lastKnownFileType = sourcecode.swift; path = MainTabController.swift; sourceTree = "<group>"; };
		E3CCEAD32C26A84C00634108 /* FeedController.swift */ = {isa = PBXFileReference; lastKnownFileType = sourcecode.swift; path = FeedController.swift; sourceTree = "<group>"; };
		E3CCEAD52C26A85100634108 /* SearchController.swift */ = {isa = PBXFileReference; lastKnownFileType = sourcecode.swift; path = SearchController.swift; sourceTree = "<group>"; };
		E3CCEAD72C26A85A00634108 /* ImageSelectController.swift */ = {isa = PBXFileReference; lastKnownFileType = sourcecode.swift; path = ImageSelectController.swift; sourceTree = "<group>"; };
		E3CCEAD92C26A86400634108 /* NotificationController.swift */ = {isa = PBXFileReference; lastKnownFileType = sourcecode.swift; path = NotificationController.swift; sourceTree = "<group>"; };
		E3CCEADB2C26A86B00634108 /* ProfileController.swift */ = {isa = PBXFileReference; lastKnownFileType = sourcecode.swift; path = ProfileController.swift; sourceTree = "<group>"; };
		E3CCEB1C2C26BF3700634108 /* FeedCell.swift */ = {isa = PBXFileReference; lastKnownFileType = sourcecode.swift; path = FeedCell.swift; sourceTree = "<group>"; };
		E3CCEB1F2C26C02300634108 /* Constants.swift */ = {isa = PBXFileReference; lastKnownFileType = sourcecode.swift; path = Constants.swift; sourceTree = "<group>"; };
		E3CCEB212C26C1C100634108 /* Extensions.swift */ = {isa = PBXFileReference; lastKnownFileType = sourcecode.swift; path = Extensions.swift; sourceTree = "<group>"; };
		E3FA15B12C27E0400048DC50 /* GoogleService-Info.plist */ = {isa = PBXFileReference; fileEncoding = 4; lastKnownFileType = text.plist.xml; path = "GoogleService-Info.plist"; sourceTree = SOURCE_ROOT; };
		E3FA15B32C27E1910048DC50 /* ImageUploader.swift */ = {isa = PBXFileReference; lastKnownFileType = sourcecode.swift; path = ImageUploader.swift; sourceTree = "<group>"; };
		E3FA15B52C27E1990048DC50 /* AuthService.swift */ = {isa = PBXFileReference; lastKnownFileType = sourcecode.swift; path = AuthService.swift; sourceTree = "<group>"; };
/* End PBXFileReference section */

/* Begin PBXFrameworksBuildPhase section */
		E330BEF02C26A4F100D877B1 /* Frameworks */ = {
			isa = PBXFrameworksBuildPhase;
			buildActionMask = 2147483647;
			files = (
				E3FA15982C27DDA50048DC50 /* FirebaseFunctions in Frameworks */,
				E3FA158E2C27DDA50048DC50 /* FirebaseDatabaseSwift in Frameworks */,
				E3FA15B02C27DDA50048DC50 /* FirebaseVertexAI-Preview in Frameworks */,
				E3FA159E2C27DDA50048DC50 /* FirebaseInAppMessagingSwift-Beta in Frameworks */,
				E3FA15A42C27DDA50048DC50 /* FirebaseMessaging in Frameworks */,
				E3FA15842C27DDA50048DC50 /* FirebaseAppDistribution-Beta in Frameworks */,
				E3FA15882C27DDA50048DC50 /* FirebaseAuthCombine-Community in Frameworks */,
				E3FA15942C27DDA50048DC50 /* FirebaseFirestoreCombine-Community in Frameworks */,
				E3FA157E2C27DDA50048DC50 /* FirebaseAnalyticsSwift in Frameworks */,
				E3FA15A22C27DDA50048DC50 /* FirebaseMLModelDownloader in Frameworks */,
				E3FA15802C27DDA50048DC50 /* FirebaseAnalyticsWithoutAdIdSupport in Frameworks */,
				E3FA157A2C27DDA50048DC50 /* FirebaseAnalytics in Frameworks */,
				E3FA15962C27DDA50048DC50 /* FirebaseFirestoreSwift in Frameworks */,
				E3FA157C2C27DDA50048DC50 /* FirebaseAnalyticsOnDeviceConversion in Frameworks */,
				E3FA15822C27DDA50048DC50 /* FirebaseAppCheck in Frameworks */,
				E3FA15A62C27DDA50048DC50 /* FirebasePerformance in Frameworks */,
				E3FA159C2C27DDA50048DC50 /* FirebaseInAppMessaging-Beta in Frameworks */,
				E3FA159A2C27DDA50048DC50 /* FirebaseFunctionsCombine-Community in Frameworks */,
				E3FA158A2C27DDA50048DC50 /* FirebaseCrashlytics in Frameworks */,
				E3FA15A02C27DDA50048DC50 /* FirebaseInstallations in Frameworks */,
				E3FA15A82C27DDA50048DC50 /* FirebaseRemoteConfig in Frameworks */,
				E3FA15AC2C27DDA50048DC50 /* FirebaseStorage in Frameworks */,
				E3FA158C2C27DDA50048DC50 /* FirebaseDatabase in Frameworks */,
				E3FA15AE2C27DDA50048DC50 /* FirebaseStorageCombine-Community in Frameworks */,
				E3FA15772C27DCBC0048DC50 /* Alamofire in Frameworks */,
				E3FA15862C27DDA50048DC50 /* FirebaseAuth in Frameworks */,
				E3FA15902C27DDA50048DC50 /* FirebaseDynamicLinks in Frameworks */,
				E3FA15922C27DDA50048DC50 /* FirebaseFirestore in Frameworks */,
				E3FA15AA2C27DDA50048DC50 /* FirebaseRemoteConfigSwift in Frameworks */,
			);
			runOnlyForDeploymentPostprocessing = 0;
		};
		E330BF062C26A4F200D877B1 /* Frameworks */ = {
			isa = PBXFrameworksBuildPhase;
			buildActionMask = 2147483647;
			files = (
			);
			runOnlyForDeploymentPostprocessing = 0;
		};
		E330BF102C26A4F200D877B1 /* Frameworks */ = {
			isa = PBXFrameworksBuildPhase;
			buildActionMask = 2147483647;
			files = (
			);
			runOnlyForDeploymentPostprocessing = 0;
		};
/* End PBXFrameworksBuildPhase section */

/* Begin PBXGroup section */
		E330BEEA2C26A4F100D877B1 = {
			isa = PBXGroup;
			children = (
				E330BEF52C26A4F100D877B1 /* InstagramCloneCoding */,
				E330BF0C2C26A4F200D877B1 /* InstagramCloneCodingTests */,
				E330BF162C26A4F200D877B1 /* InstagramCloneCodingUITests */,
				E330BEF42C26A4F100D877B1 /* Products */,
			);
			sourceTree = "<group>";
		};
		E330BEF42C26A4F100D877B1 /* Products */ = {
			isa = PBXGroup;
			children = (
				E330BEF32C26A4F100D877B1 /* InstagramCloneCoding.app */,
				E330BF092C26A4F200D877B1 /* InstagramCloneCodingTests.xctest */,
				E330BF132C26A4F200D877B1 /* InstagramCloneCodingUITests.xctest */,
			);
			name = Products;
			sourceTree = "<group>";
		};
		E330BEF52C26A4F100D877B1 /* InstagramCloneCoding */ = {
			isa = PBXGroup;
			children = (
				E330BEF62C26A4F100D877B1 /* AppDelegate.swift */,
				E330BEF82C26A4F100D877B1 /* SceneDelegate.swift */,
				E3CCEB1E2C26C01600634108 /* Helpers */,
				E3CCEAD02C26A6AC00634108 /* Models */,
				E3CCEACF2C26A6A600634108 /* Views */,
				E3CCEACE2C26A6A000634108 /* ViewModels */,
				E3CCEACD2C26A69B00634108 /* Controllers */,
				E3CCEACC2C26A69400634108 /* Networking */,
				E3CCEACB2C26A66C00634108 /* Utilities */,
				E330BEFF2C26A4F200D877B1 /* Assets.xcassets */,
				E330BF012C26A4F200D877B1 /* LaunchScreen.storyboard */,
				E330BF042C26A4F200D877B1 /* Info.plist */,
				E3FA15B12C27E0400048DC50 /* GoogleService-Info.plist */,
			);
			path = InstagramCloneCoding;
			sourceTree = "<group>";
		};
		E330BF0C2C26A4F200D877B1 /* InstagramCloneCodingTests */ = {
			isa = PBXGroup;
			children = (
				E330BF0D2C26A4F200D877B1 /* InstagramCloneCodingTests.swift */,
			);
			path = InstagramCloneCodingTests;
			sourceTree = "<group>";
		};
		E330BF162C26A4F200D877B1 /* InstagramCloneCodingUITests */ = {
			isa = PBXGroup;
			children = (
				E330BF172C26A4F200D877B1 /* InstagramCloneCodingUITests.swift */,
				E330BF192C26A4F200D877B1 /* InstagramCloneCodingUITestsLaunchTests.swift */,
			);
			path = InstagramCloneCodingUITests;
			sourceTree = "<group>";
		};
		E38DE66E2C2812A0000849AE /* Profile */ = {
			isa = PBXGroup;
			children = (
				E38DE66A2C28128F000849AE /* ProfileCell.swift */,
				E38DE66C2C281298000849AE /* ProfileHeader.swift */,
			);
			path = Profile;
			sourceTree = "<group>";
		};
		E38DE66F2C281A85000849AE /* Global */ = {
			isa = PBXGroup;
			children = (
				E3B62C3D2C27042000E897A1 /* CustomTextField.swift */,
				E3B62C3F2C2712D800E897A1 /* CustomButton.swift */,
			);
			path = Global;
			sourceTree = "<group>";
		};
		E38DE6702C281A94000849AE /* Feed */ = {
			isa = PBXGroup;
			children = (
				E3CCEB1C2C26BF3700634108 /* FeedCell.swift */,
			);
			path = Feed;
			sourceTree = "<group>";
		};
		E3B62C382C26FB0F00E897A1 /* Authentication */ = {
			isa = PBXGroup;
			children = (
				E3B62C392C26FB2100E897A1 /* LoginController.swift */,
				E3B62C3B2C26FB3400E897A1 /* RegistrationController.swift */,
			);
			path = Authentication;
			sourceTree = "<group>";
		};
		E3CCEACB2C26A66C00634108 /* Utilities */ = {
			isa = PBXGroup;
			children = (
				E3CCEB212C26C1C100634108 /* Extensions.swift */,
			);
			path = Utilities;
			sourceTree = "<group>";
		};
		E3CCEACC2C26A69400634108 /* Networking */ = {
			isa = PBXGroup;
			children = (
				E3FA15B32C27E1910048DC50 /* ImageUploader.swift */,
				E3FA15B52C27E1990048DC50 /* AuthService.swift */,
				E3A863422C2D624D009CD883 /* UserService.swift */,
			);
			path = Networking;
			sourceTree = "<group>";
		};
		E3CCEACD2C26A69B00634108 /* Controllers */ = {
			isa = PBXGroup;
			children = (
				E3B62C382C26FB0F00E897A1 /* Authentication */,
				E3CCEAD12C26A71300634108 /* MainTabController.swift */,
				E3CCEAD32C26A84C00634108 /* FeedController.swift */,
				E3CCEAD52C26A85100634108 /* SearchController.swift */,
				E3CCEAD72C26A85A00634108 /* ImageSelectController.swift */,
				E3CCEAD92C26A86400634108 /* NotificationController.swift */,
				E3CCEADB2C26A86B00634108 /* ProfileController.swift */,
			);
			path = Controllers;
			sourceTree = "<group>";
		};
		E3CCEACE2C26A6A000634108 /* ViewModels */ = {
			isa = PBXGroup;
			children = (
				E3B62C412C27218C00E897A1 /* AuthenticationViewModel.swift */,
			);
			path = ViewModels;
			sourceTree = "<group>";
		};
		E3CCEACF2C26A6A600634108 /* Views */ = {
			isa = PBXGroup;
			children = (
				E38DE6702C281A94000849AE /* Feed */,
				E38DE66F2C281A85000849AE /* Global */,
				E38DE66E2C2812A0000849AE /* Profile */,
			);
			path = Views;
			sourceTree = "<group>";
		};
		E3CCEAD02C26A6AC00634108 /* Models */ = {
			isa = PBXGroup;
			children = (
			);
			path = Models;
			sourceTree = "<group>";
		};
		E3CCEB1E2C26C01600634108 /* Helpers */ = {
			isa = PBXGroup;
			children = (
				E3CCEB1F2C26C02300634108 /* Constants.swift */,
			);
			path = Helpers;
			sourceTree = "<group>";
		};
/* End PBXGroup section */

/* Begin PBXNativeTarget section */
		E330BEF22C26A4F100D877B1 /* InstagramCloneCoding */ = {
			isa = PBXNativeTarget;
			buildConfigurationList = E330BF1D2C26A4F200D877B1 /* Build configuration list for PBXNativeTarget "InstagramCloneCoding" */;
			buildPhases = (
				E330BEEF2C26A4F100D877B1 /* Sources */,
				E330BEF02C26A4F100D877B1 /* Frameworks */,
				E330BEF12C26A4F100D877B1 /* Resources */,
			);
			buildRules = (
			);
			dependencies = (
			);
			name = InstagramCloneCoding;
			packageProductDependencies = (
				E3FA15762C27DCBC0048DC50 /* Alamofire */,
				E3FA15792C27DDA50048DC50 /* FirebaseAnalytics */,
				E3FA157B2C27DDA50048DC50 /* FirebaseAnalyticsOnDeviceConversion */,
				E3FA157D2C27DDA50048DC50 /* FirebaseAnalyticsSwift */,
				E3FA157F2C27DDA50048DC50 /* FirebaseAnalyticsWithoutAdIdSupport */,
				E3FA15812C27DDA50048DC50 /* FirebaseAppCheck */,
				E3FA15832C27DDA50048DC50 /* FirebaseAppDistribution-Beta */,
				E3FA15852C27DDA50048DC50 /* FirebaseAuth */,
				E3FA15872C27DDA50048DC50 /* FirebaseAuthCombine-Community */,
				E3FA15892C27DDA50048DC50 /* FirebaseCrashlytics */,
				E3FA158B2C27DDA50048DC50 /* FirebaseDatabase */,
				E3FA158D2C27DDA50048DC50 /* FirebaseDatabaseSwift */,
				E3FA158F2C27DDA50048DC50 /* FirebaseDynamicLinks */,
				E3FA15912C27DDA50048DC50 /* FirebaseFirestore */,
				E3FA15932C27DDA50048DC50 /* FirebaseFirestoreCombine-Community */,
				E3FA15952C27DDA50048DC50 /* FirebaseFirestoreSwift */,
				E3FA15972C27DDA50048DC50 /* FirebaseFunctions */,
				E3FA15992C27DDA50048DC50 /* FirebaseFunctionsCombine-Community */,
				E3FA159B2C27DDA50048DC50 /* FirebaseInAppMessaging-Beta */,
				E3FA159D2C27DDA50048DC50 /* FirebaseInAppMessagingSwift-Beta */,
				E3FA159F2C27DDA50048DC50 /* FirebaseInstallations */,
				E3FA15A12C27DDA50048DC50 /* FirebaseMLModelDownloader */,
				E3FA15A32C27DDA50048DC50 /* FirebaseMessaging */,
				E3FA15A52C27DDA50048DC50 /* FirebasePerformance */,
				E3FA15A72C27DDA50048DC50 /* FirebaseRemoteConfig */,
				E3FA15A92C27DDA50048DC50 /* FirebaseRemoteConfigSwift */,
				E3FA15AB2C27DDA50048DC50 /* FirebaseStorage */,
				E3FA15AD2C27DDA50048DC50 /* FirebaseStorageCombine-Community */,
				E3FA15AF2C27DDA50048DC50 /* FirebaseVertexAI-Preview */,
			);
			productName = InstagramCloneCoding;
			productReference = E330BEF32C26A4F100D877B1 /* InstagramCloneCoding.app */;
			productType = "com.apple.product-type.application";
		};
		E330BF082C26A4F200D877B1 /* InstagramCloneCodingTests */ = {
			isa = PBXNativeTarget;
			buildConfigurationList = E330BF202C26A4F200D877B1 /* Build configuration list for PBXNativeTarget "InstagramCloneCodingTests" */;
			buildPhases = (
				E330BF052C26A4F200D877B1 /* Sources */,
				E330BF062C26A4F200D877B1 /* Frameworks */,
				E330BF072C26A4F200D877B1 /* Resources */,
			);
			buildRules = (
			);
			dependencies = (
				E330BF0B2C26A4F200D877B1 /* PBXTargetDependency */,
			);
			name = InstagramCloneCodingTests;
			productName = InstagramCloneCodingTests;
			productReference = E330BF092C26A4F200D877B1 /* InstagramCloneCodingTests.xctest */;
			productType = "com.apple.product-type.bundle.unit-test";
		};
		E330BF122C26A4F200D877B1 /* InstagramCloneCodingUITests */ = {
			isa = PBXNativeTarget;
			buildConfigurationList = E330BF232C26A4F200D877B1 /* Build configuration list for PBXNativeTarget "InstagramCloneCodingUITests" */;
			buildPhases = (
				E330BF0F2C26A4F200D877B1 /* Sources */,
				E330BF102C26A4F200D877B1 /* Frameworks */,
				E330BF112C26A4F200D877B1 /* Resources */,
			);
			buildRules = (
			);
			dependencies = (
				E330BF152C26A4F200D877B1 /* PBXTargetDependency */,
			);
			name = InstagramCloneCodingUITests;
			productName = InstagramCloneCodingUITests;
			productReference = E330BF132C26A4F200D877B1 /* InstagramCloneCodingUITests.xctest */;
			productType = "com.apple.product-type.bundle.ui-testing";
		};
/* End PBXNativeTarget section */

/* Begin PBXProject section */
		E330BEEB2C26A4F100D877B1 /* Project object */ = {
			isa = PBXProject;
			attributes = {
				BuildIndependentTargetsInParallel = 1;
				LastSwiftUpdateCheck = 1530;
				LastUpgradeCheck = 1530;
				TargetAttributes = {
					E330BEF22C26A4F100D877B1 = {
						CreatedOnToolsVersion = 15.3;
					};
					E330BF082C26A4F200D877B1 = {
						CreatedOnToolsVersion = 15.3;
						TestTargetID = E330BEF22C26A4F100D877B1;
					};
					E330BF122C26A4F200D877B1 = {
						CreatedOnToolsVersion = 15.3;
						TestTargetID = E330BEF22C26A4F100D877B1;
					};
				};
			};
			buildConfigurationList = E330BEEE2C26A4F100D877B1 /* Build configuration list for PBXProject "InstagramCloneCoding" */;
			compatibilityVersion = "Xcode 14.0";
			developmentRegion = en;
			hasScannedForEncodings = 0;
			knownRegions = (
				en,
				Base,
			);
			mainGroup = E330BEEA2C26A4F100D877B1;
			packageReferences = (
				E3FA15752C27DCBC0048DC50 /* XCRemoteSwiftPackageReference "Alamofire" */,
				E3FA15782C27DDA50048DC50 /* XCRemoteSwiftPackageReference "firebase-ios-sdk" */,
			);
			productRefGroup = E330BEF42C26A4F100D877B1 /* Products */;
			projectDirPath = "";
			projectRoot = "";
			targets = (
				E330BEF22C26A4F100D877B1 /* InstagramCloneCoding */,
				E330BF082C26A4F200D877B1 /* InstagramCloneCodingTests */,
				E330BF122C26A4F200D877B1 /* InstagramCloneCodingUITests */,
			);
		};
/* End PBXProject section */

/* Begin PBXResourcesBuildPhase section */
		E330BEF12C26A4F100D877B1 /* Resources */ = {
			isa = PBXResourcesBuildPhase;
			buildActionMask = 2147483647;
			files = (
				E330BF002C26A4F200D877B1 /* Assets.xcassets in Resources */,
				E330BF032C26A4F200D877B1 /* Base in Resources */,
				E3FA15B22C27E0400048DC50 /* GoogleService-Info.plist in Resources */,
			);
			runOnlyForDeploymentPostprocessing = 0;
		};
		E330BF072C26A4F200D877B1 /* Resources */ = {
			isa = PBXResourcesBuildPhase;
			buildActionMask = 2147483647;
			files = (
			);
			runOnlyForDeploymentPostprocessing = 0;
		};
		E330BF112C26A4F200D877B1 /* Resources */ = {
			isa = PBXResourcesBuildPhase;
			buildActionMask = 2147483647;
			files = (
			);
			runOnlyForDeploymentPostprocessing = 0;
		};
/* End PBXResourcesBuildPhase section */

/* Begin PBXSourcesBuildPhase section */
		E330BEEF2C26A4F100D877B1 /* Sources */ = {
			isa = PBXSourcesBuildPhase;
			buildActionMask = 2147483647;
			files = (
				E3B62C3E2C27042000E897A1 /* CustomTextField.swift in Sources */,
				E3CCEAD62C26A85100634108 /* SearchController.swift in Sources */,
				E3FA15B42C27E1910048DC50 /* ImageUploader.swift in Sources */,
				E3FA15B62C27E1990048DC50 /* AuthService.swift in Sources */,
				E3CCEADA2C26A86400634108 /* NotificationController.swift in Sources */,
				E3B62C3A2C26FB2100E897A1 /* LoginController.swift in Sources */,
				E3CCEB1D2C26BF3700634108 /* FeedCell.swift in Sources */,
				E3B62C422C27218C00E897A1 /* AuthenticationViewModel.swift in Sources */,
				E38DE66D2C281298000849AE /* ProfileHeader.swift in Sources */,
				E330BEF72C26A4F100D877B1 /* AppDelegate.swift in Sources */,
				E3B62C3C2C26FB3400E897A1 /* RegistrationController.swift in Sources */,
				E3CCEAD42C26A84C00634108 /* FeedController.swift in Sources */,
				E3CCEADC2C26A86B00634108 /* ProfileController.swift in Sources */,
				E3CCEB222C26C1C100634108 /* Extensions.swift in Sources */,
				E3A863432C2D624D009CD883 /* UserService.swift in Sources */,
				E3CCEAD82C26A85A00634108 /* ImageSelectController.swift in Sources */,
				E3CCEAD22C26A71300634108 /* MainTabController.swift in Sources */,
				E38DE66B2C28128F000849AE /* ProfileCell.swift in Sources */,
				E330BEF92C26A4F100D877B1 /* SceneDelegate.swift in Sources */,
				E3CCEB202C26C02300634108 /* Constants.swift in Sources */,
				E3B62C402C2712D800E897A1 /* CustomButton.swift in Sources */,
			);
			runOnlyForDeploymentPostprocessing = 0;
		};
		E330BF052C26A4F200D877B1 /* Sources */ = {
			isa = PBXSourcesBuildPhase;
			buildActionMask = 2147483647;
			files = (
				E330BF0E2C26A4F200D877B1 /* InstagramCloneCodingTests.swift in Sources */,
			);
			runOnlyForDeploymentPostprocessing = 0;
		};
		E330BF0F2C26A4F200D877B1 /* Sources */ = {
			isa = PBXSourcesBuildPhase;
			buildActionMask = 2147483647;
			files = (
				E330BF182C26A4F200D877B1 /* InstagramCloneCodingUITests.swift in Sources */,
				E330BF1A2C26A4F200D877B1 /* InstagramCloneCodingUITestsLaunchTests.swift in Sources */,
			);
			runOnlyForDeploymentPostprocessing = 0;
		};
/* End PBXSourcesBuildPhase section */

/* Begin PBXTargetDependency section */
		E330BF0B2C26A4F200D877B1 /* PBXTargetDependency */ = {
			isa = PBXTargetDependency;
			target = E330BEF22C26A4F100D877B1 /* InstagramCloneCoding */;
			targetProxy = E330BF0A2C26A4F200D877B1 /* PBXContainerItemProxy */;
		};
		E330BF152C26A4F200D877B1 /* PBXTargetDependency */ = {
			isa = PBXTargetDependency;
			target = E330BEF22C26A4F100D877B1 /* InstagramCloneCoding */;
			targetProxy = E330BF142C26A4F200D877B1 /* PBXContainerItemProxy */;
		};
/* End PBXTargetDependency section */

/* Begin PBXVariantGroup section */
		E330BF012C26A4F200D877B1 /* LaunchScreen.storyboard */ = {
			isa = PBXVariantGroup;
			children = (
				E330BF022C26A4F200D877B1 /* Base */,
			);
			name = LaunchScreen.storyboard;
			sourceTree = "<group>";
		};
/* End PBXVariantGroup section */

/* Begin XCBuildConfiguration section */
		E330BF1B2C26A4F200D877B1 /* Debug */ = {
			isa = XCBuildConfiguration;
			buildSettings = {
				ALWAYS_SEARCH_USER_PATHS = NO;
				ASSETCATALOG_COMPILER_GENERATE_SWIFT_ASSET_SYMBOL_EXTENSIONS = YES;
				CLANG_ANALYZER_NONNULL = YES;
				CLANG_ANALYZER_NUMBER_OBJECT_CONVERSION = YES_AGGRESSIVE;
				CLANG_CXX_LANGUAGE_STANDARD = "gnu++20";
				CLANG_ENABLE_MODULES = YES;
				CLANG_ENABLE_OBJC_ARC = YES;
				CLANG_ENABLE_OBJC_WEAK = YES;
				CLANG_WARN_BLOCK_CAPTURE_AUTORELEASING = YES;
				CLANG_WARN_BOOL_CONVERSION = YES;
				CLANG_WARN_COMMA = YES;
				CLANG_WARN_CONSTANT_CONVERSION = YES;
				CLANG_WARN_DEPRECATED_OBJC_IMPLEMENTATIONS = YES;
				CLANG_WARN_DIRECT_OBJC_ISA_USAGE = YES_ERROR;
				CLANG_WARN_DOCUMENTATION_COMMENTS = YES;
				CLANG_WARN_EMPTY_BODY = YES;
				CLANG_WARN_ENUM_CONVERSION = YES;
				CLANG_WARN_INFINITE_RECURSION = YES;
				CLANG_WARN_INT_CONVERSION = YES;
				CLANG_WARN_NON_LITERAL_NULL_CONVERSION = YES;
				CLANG_WARN_OBJC_IMPLICIT_RETAIN_SELF = YES;
				CLANG_WARN_OBJC_LITERAL_CONVERSION = YES;
				CLANG_WARN_OBJC_ROOT_CLASS = YES_ERROR;
				CLANG_WARN_QUOTED_INCLUDE_IN_FRAMEWORK_HEADER = YES;
				CLANG_WARN_RANGE_LOOP_ANALYSIS = YES;
				CLANG_WARN_STRICT_PROTOTYPES = YES;
				CLANG_WARN_SUSPICIOUS_MOVE = YES;
				CLANG_WARN_UNGUARDED_AVAILABILITY = YES_AGGRESSIVE;
				CLANG_WARN_UNREACHABLE_CODE = YES;
				CLANG_WARN__DUPLICATE_METHOD_MATCH = YES;
				COPY_PHASE_STRIP = NO;
				DEBUG_INFORMATION_FORMAT = dwarf;
				ENABLE_STRICT_OBJC_MSGSEND = YES;
				ENABLE_TESTABILITY = YES;
				ENABLE_USER_SCRIPT_SANDBOXING = YES;
				GCC_C_LANGUAGE_STANDARD = gnu17;
				GCC_DYNAMIC_NO_PIC = NO;
				GCC_NO_COMMON_BLOCKS = YES;
				GCC_OPTIMIZATION_LEVEL = 0;
				GCC_PREPROCESSOR_DEFINITIONS = (
					"DEBUG=1",
					"$(inherited)",
				);
				GCC_WARN_64_TO_32_BIT_CONVERSION = YES;
				GCC_WARN_ABOUT_RETURN_TYPE = YES_ERROR;
				GCC_WARN_UNDECLARED_SELECTOR = YES;
				GCC_WARN_UNINITIALIZED_AUTOS = YES_AGGRESSIVE;
				GCC_WARN_UNUSED_FUNCTION = YES;
				GCC_WARN_UNUSED_VARIABLE = YES;
				IPHONEOS_DEPLOYMENT_TARGET = 17.4;
				LOCALIZATION_PREFERS_STRING_CATALOGS = YES;
				MTL_ENABLE_DEBUG_INFO = INCLUDE_SOURCE;
				MTL_FAST_MATH = YES;
				ONLY_ACTIVE_ARCH = YES;
				SDKROOT = iphoneos;
				SWIFT_ACTIVE_COMPILATION_CONDITIONS = "DEBUG $(inherited)";
				SWIFT_OPTIMIZATION_LEVEL = "-Onone";
			};
			name = Debug;
		};
		E330BF1C2C26A4F200D877B1 /* Release */ = {
			isa = XCBuildConfiguration;
			buildSettings = {
				ALWAYS_SEARCH_USER_PATHS = NO;
				ASSETCATALOG_COMPILER_GENERATE_SWIFT_ASSET_SYMBOL_EXTENSIONS = YES;
				CLANG_ANALYZER_NONNULL = YES;
				CLANG_ANALYZER_NUMBER_OBJECT_CONVERSION = YES_AGGRESSIVE;
				CLANG_CXX_LANGUAGE_STANDARD = "gnu++20";
				CLANG_ENABLE_MODULES = YES;
				CLANG_ENABLE_OBJC_ARC = YES;
				CLANG_ENABLE_OBJC_WEAK = YES;
				CLANG_WARN_BLOCK_CAPTURE_AUTORELEASING = YES;
				CLANG_WARN_BOOL_CONVERSION = YES;
				CLANG_WARN_COMMA = YES;
				CLANG_WARN_CONSTANT_CONVERSION = YES;
				CLANG_WARN_DEPRECATED_OBJC_IMPLEMENTATIONS = YES;
				CLANG_WARN_DIRECT_OBJC_ISA_USAGE = YES_ERROR;
				CLANG_WARN_DOCUMENTATION_COMMENTS = YES;
				CLANG_WARN_EMPTY_BODY = YES;
				CLANG_WARN_ENUM_CONVERSION = YES;
				CLANG_WARN_INFINITE_RECURSION = YES;
				CLANG_WARN_INT_CONVERSION = YES;
				CLANG_WARN_NON_LITERAL_NULL_CONVERSION = YES;
				CLANG_WARN_OBJC_IMPLICIT_RETAIN_SELF = YES;
				CLANG_WARN_OBJC_LITERAL_CONVERSION = YES;
				CLANG_WARN_OBJC_ROOT_CLASS = YES_ERROR;
				CLANG_WARN_QUOTED_INCLUDE_IN_FRAMEWORK_HEADER = YES;
				CLANG_WARN_RANGE_LOOP_ANALYSIS = YES;
				CLANG_WARN_STRICT_PROTOTYPES = YES;
				CLANG_WARN_SUSPICIOUS_MOVE = YES;
				CLANG_WARN_UNGUARDED_AVAILABILITY = YES_AGGRESSIVE;
				CLANG_WARN_UNREACHABLE_CODE = YES;
				CLANG_WARN__DUPLICATE_METHOD_MATCH = YES;
				COPY_PHASE_STRIP = NO;
				DEBUG_INFORMATION_FORMAT = "dwarf-with-dsym";
				ENABLE_NS_ASSERTIONS = NO;
				ENABLE_STRICT_OBJC_MSGSEND = YES;
				ENABLE_USER_SCRIPT_SANDBOXING = YES;
				GCC_C_LANGUAGE_STANDARD = gnu17;
				GCC_NO_COMMON_BLOCKS = YES;
				GCC_WARN_64_TO_32_BIT_CONVERSION = YES;
				GCC_WARN_ABOUT_RETURN_TYPE = YES_ERROR;
				GCC_WARN_UNDECLARED_SELECTOR = YES;
				GCC_WARN_UNINITIALIZED_AUTOS = YES_AGGRESSIVE;
				GCC_WARN_UNUSED_FUNCTION = YES;
				GCC_WARN_UNUSED_VARIABLE = YES;
				IPHONEOS_DEPLOYMENT_TARGET = 17.4;
				LOCALIZATION_PREFERS_STRING_CATALOGS = YES;
				MTL_ENABLE_DEBUG_INFO = NO;
				MTL_FAST_MATH = YES;
				SDKROOT = iphoneos;
				SWIFT_COMPILATION_MODE = wholemodule;
				VALIDATE_PRODUCT = YES;
			};
			name = Release;
		};
		E330BF1E2C26A4F200D877B1 /* Debug */ = {
			isa = XCBuildConfiguration;
			buildSettings = {
				ASSETCATALOG_COMPILER_APPICON_NAME = AppIcon;
				ASSETCATALOG_COMPILER_GLOBAL_ACCENT_COLOR_NAME = AccentColor;
				CODE_SIGN_STYLE = Automatic;
				CURRENT_PROJECT_VERSION = 1;
				GENERATE_INFOPLIST_FILE = YES;
				INFOPLIST_FILE = InstagramCloneCoding/Info.plist;
				INFOPLIST_KEY_UIApplicationSupportsIndirectInputEvents = YES;
				INFOPLIST_KEY_UILaunchStoryboardName = LaunchScreen;
				INFOPLIST_KEY_UIMainStoryboardFile = "";
				INFOPLIST_KEY_UISupportedInterfaceOrientations_iPad = "UIInterfaceOrientationPortrait UIInterfaceOrientationPortraitUpsideDown UIInterfaceOrientationLandscapeLeft UIInterfaceOrientationLandscapeRight";
				INFOPLIST_KEY_UISupportedInterfaceOrientations_iPhone = "UIInterfaceOrientationPortrait UIInterfaceOrientationLandscapeLeft UIInterfaceOrientationLandscapeRight";
				LD_RUNPATH_SEARCH_PATHS = (
					"$(inherited)",
					"@executable_path/Frameworks",
				);
				MARKETING_VERSION = 1.0;
				PRODUCT_BUNDLE_IDENTIFIER = won.InstagramCloneCoding;
				PRODUCT_NAME = "$(TARGET_NAME)";
				SWIFT_EMIT_LOC_STRINGS = YES;
				SWIFT_VERSION = 5.0;
				TARGETED_DEVICE_FAMILY = "1,2";
			};
			name = Debug;
		};
		E330BF1F2C26A4F200D877B1 /* Release */ = {
			isa = XCBuildConfiguration;
			buildSettings = {
				ASSETCATALOG_COMPILER_APPICON_NAME = AppIcon;
				ASSETCATALOG_COMPILER_GLOBAL_ACCENT_COLOR_NAME = AccentColor;
				CODE_SIGN_STYLE = Automatic;
				CURRENT_PROJECT_VERSION = 1;
				GENERATE_INFOPLIST_FILE = YES;
				INFOPLIST_FILE = InstagramCloneCoding/Info.plist;
				INFOPLIST_KEY_UIApplicationSupportsIndirectInputEvents = YES;
				INFOPLIST_KEY_UILaunchStoryboardName = LaunchScreen;
				INFOPLIST_KEY_UIMainStoryboardFile = "";
				INFOPLIST_KEY_UISupportedInterfaceOrientations_iPad = "UIInterfaceOrientationPortrait UIInterfaceOrientationPortraitUpsideDown UIInterfaceOrientationLandscapeLeft UIInterfaceOrientationLandscapeRight";
				INFOPLIST_KEY_UISupportedInterfaceOrientations_iPhone = "UIInterfaceOrientationPortrait UIInterfaceOrientationLandscapeLeft UIInterfaceOrientationLandscapeRight";
				LD_RUNPATH_SEARCH_PATHS = (
					"$(inherited)",
					"@executable_path/Frameworks",
				);
				MARKETING_VERSION = 1.0;
				PRODUCT_BUNDLE_IDENTIFIER = won.InstagramCloneCoding;
				PRODUCT_NAME = "$(TARGET_NAME)";
				SWIFT_EMIT_LOC_STRINGS = YES;
				SWIFT_VERSION = 5.0;
				TARGETED_DEVICE_FAMILY = "1,2";
			};
			name = Release;
		};
		E330BF212C26A4F200D877B1 /* Debug */ = {
			isa = XCBuildConfiguration;
			buildSettings = {
				ALWAYS_EMBED_SWIFT_STANDARD_LIBRARIES = YES;
				BUNDLE_LOADER = "$(TEST_HOST)";
				CODE_SIGN_STYLE = Automatic;
				CURRENT_PROJECT_VERSION = 1;
				GENERATE_INFOPLIST_FILE = YES;
				IPHONEOS_DEPLOYMENT_TARGET = 17.4;
				MARKETING_VERSION = 1.0;
				PRODUCT_BUNDLE_IDENTIFIER = won.InstagramCloneCodingTests;
				PRODUCT_NAME = "$(TARGET_NAME)";
				SWIFT_EMIT_LOC_STRINGS = NO;
				SWIFT_VERSION = 5.0;
				TARGETED_DEVICE_FAMILY = "1,2";
				TEST_HOST = "$(BUILT_PRODUCTS_DIR)/InstagramCloneCoding.app/$(BUNDLE_EXECUTABLE_FOLDER_PATH)/InstagramCloneCoding";
			};
			name = Debug;
		};
		E330BF222C26A4F200D877B1 /* Release */ = {
			isa = XCBuildConfiguration;
			buildSettings = {
				ALWAYS_EMBED_SWIFT_STANDARD_LIBRARIES = YES;
				BUNDLE_LOADER = "$(TEST_HOST)";
				CODE_SIGN_STYLE = Automatic;
				CURRENT_PROJECT_VERSION = 1;
				GENERATE_INFOPLIST_FILE = YES;
				IPHONEOS_DEPLOYMENT_TARGET = 17.4;
				MARKETING_VERSION = 1.0;
				PRODUCT_BUNDLE_IDENTIFIER = won.InstagramCloneCodingTests;
				PRODUCT_NAME = "$(TARGET_NAME)";
				SWIFT_EMIT_LOC_STRINGS = NO;
				SWIFT_VERSION = 5.0;
				TARGETED_DEVICE_FAMILY = "1,2";
				TEST_HOST = "$(BUILT_PRODUCTS_DIR)/InstagramCloneCoding.app/$(BUNDLE_EXECUTABLE_FOLDER_PATH)/InstagramCloneCoding";
			};
			name = Release;
		};
		E330BF242C26A4F200D877B1 /* Debug */ = {
			isa = XCBuildConfiguration;
			buildSettings = {
				ALWAYS_EMBED_SWIFT_STANDARD_LIBRARIES = YES;
				CODE_SIGN_STYLE = Automatic;
				CURRENT_PROJECT_VERSION = 1;
				GENERATE_INFOPLIST_FILE = YES;
				MARKETING_VERSION = 1.0;
				PRODUCT_BUNDLE_IDENTIFIER = won.InstagramCloneCodingUITests;
				PRODUCT_NAME = "$(TARGET_NAME)";
				SWIFT_EMIT_LOC_STRINGS = NO;
				SWIFT_VERSION = 5.0;
				TARGETED_DEVICE_FAMILY = "1,2";
				TEST_TARGET_NAME = InstagramCloneCoding;
			};
			name = Debug;
		};
		E330BF252C26A4F200D877B1 /* Release */ = {
			isa = XCBuildConfiguration;
			buildSettings = {
				ALWAYS_EMBED_SWIFT_STANDARD_LIBRARIES = YES;
				CODE_SIGN_STYLE = Automatic;
				CURRENT_PROJECT_VERSION = 1;
				GENERATE_INFOPLIST_FILE = YES;
				MARKETING_VERSION = 1.0;
				PRODUCT_BUNDLE_IDENTIFIER = won.InstagramCloneCodingUITests;
				PRODUCT_NAME = "$(TARGET_NAME)";
				SWIFT_EMIT_LOC_STRINGS = NO;
				SWIFT_VERSION = 5.0;
				TARGETED_DEVICE_FAMILY = "1,2";
				TEST_TARGET_NAME = InstagramCloneCoding;
			};
			name = Release;
		};
/* End XCBuildConfiguration section */

/* Begin XCConfigurationList section */
		E330BEEE2C26A4F100D877B1 /* Build configuration list for PBXProject "InstagramCloneCoding" */ = {
			isa = XCConfigurationList;
			buildConfigurations = (
				E330BF1B2C26A4F200D877B1 /* Debug */,
				E330BF1C2C26A4F200D877B1 /* Release */,
			);
			defaultConfigurationIsVisible = 0;
			defaultConfigurationName = Release;
		};
		E330BF1D2C26A4F200D877B1 /* Build configuration list for PBXNativeTarget "InstagramCloneCoding" */ = {
			isa = XCConfigurationList;
			buildConfigurations = (
				E330BF1E2C26A4F200D877B1 /* Debug */,
				E330BF1F2C26A4F200D877B1 /* Release */,
			);
			defaultConfigurationIsVisible = 0;
			defaultConfigurationName = Release;
		};
		E330BF202C26A4F200D877B1 /* Build configuration list for PBXNativeTarget "InstagramCloneCodingTests" */ = {
			isa = XCConfigurationList;
			buildConfigurations = (
				E330BF212C26A4F200D877B1 /* Debug */,
				E330BF222C26A4F200D877B1 /* Release */,
			);
			defaultConfigurationIsVisible = 0;
			defaultConfigurationName = Release;
		};
		E330BF232C26A4F200D877B1 /* Build configuration list for PBXNativeTarget "InstagramCloneCodingUITests" */ = {
			isa = XCConfigurationList;
			buildConfigurations = (
				E330BF242C26A4F200D877B1 /* Debug */,
				E330BF252C26A4F200D877B1 /* Release */,
			);
			defaultConfigurationIsVisible = 0;
			defaultConfigurationName = Release;
		};
/* End XCConfigurationList section */

/* Begin XCRemoteSwiftPackageReference section */
		E3FA15752C27DCBC0048DC50 /* XCRemoteSwiftPackageReference "Alamofire" */ = {
			isa = XCRemoteSwiftPackageReference;
			repositoryURL = "https://github.com/Alamofire/Alamofire";
			requirement = {
				kind = upToNextMajorVersion;
				minimumVersion = 5.9.1;
			};
		};
		E3FA15782C27DDA50048DC50 /* XCRemoteSwiftPackageReference "firebase-ios-sdk" */ = {
			isa = XCRemoteSwiftPackageReference;
			repositoryURL = "https://github.com/firebase/firebase-ios-sdk";
			requirement = {
				kind = upToNextMajorVersion;
				minimumVersion = 10.28.0;
			};
		};
/* End XCRemoteSwiftPackageReference section */

/* Begin XCSwiftPackageProductDependency section */
		E3FA15762C27DCBC0048DC50 /* Alamofire */ = {
			isa = XCSwiftPackageProductDependency;
			package = E3FA15752C27DCBC0048DC50 /* XCRemoteSwiftPackageReference "Alamofire" */;
			productName = Alamofire;
		};
		E3FA15792C27DDA50048DC50 /* FirebaseAnalytics */ = {
			isa = XCSwiftPackageProductDependency;
			package = E3FA15782C27DDA50048DC50 /* XCRemoteSwiftPackageReference "firebase-ios-sdk" */;
			productName = FirebaseAnalytics;
		};
		E3FA157B2C27DDA50048DC50 /* FirebaseAnalyticsOnDeviceConversion */ = {
			isa = XCSwiftPackageProductDependency;
			package = E3FA15782C27DDA50048DC50 /* XCRemoteSwiftPackageReference "firebase-ios-sdk" */;
			productName = FirebaseAnalyticsOnDeviceConversion;
		};
		E3FA157D2C27DDA50048DC50 /* FirebaseAnalyticsSwift */ = {
			isa = XCSwiftPackageProductDependency;
			package = E3FA15782C27DDA50048DC50 /* XCRemoteSwiftPackageReference "firebase-ios-sdk" */;
			productName = FirebaseAnalyticsSwift;
		};
		E3FA157F2C27DDA50048DC50 /* FirebaseAnalyticsWithoutAdIdSupport */ = {
			isa = XCSwiftPackageProductDependency;
			package = E3FA15782C27DDA50048DC50 /* XCRemoteSwiftPackageReference "firebase-ios-sdk" */;
			productName = FirebaseAnalyticsWithoutAdIdSupport;
		};
		E3FA15812C27DDA50048DC50 /* FirebaseAppCheck */ = {
			isa = XCSwiftPackageProductDependency;
			package = E3FA15782C27DDA50048DC50 /* XCRemoteSwiftPackageReference "firebase-ios-sdk" */;
			productName = FirebaseAppCheck;
		};
		E3FA15832C27DDA50048DC50 /* FirebaseAppDistribution-Beta */ = {
			isa = XCSwiftPackageProductDependency;
			package = E3FA15782C27DDA50048DC50 /* XCRemoteSwiftPackageReference "firebase-ios-sdk" */;
			productName = "FirebaseAppDistribution-Beta";
		};
		E3FA15852C27DDA50048DC50 /* FirebaseAuth */ = {
			isa = XCSwiftPackageProductDependency;
			package = E3FA15782C27DDA50048DC50 /* XCRemoteSwiftPackageReference "firebase-ios-sdk" */;
			productName = FirebaseAuth;
		};
		E3FA15872C27DDA50048DC50 /* FirebaseAuthCombine-Community */ = {
			isa = XCSwiftPackageProductDependency;
			package = E3FA15782C27DDA50048DC50 /* XCRemoteSwiftPackageReference "firebase-ios-sdk" */;
			productName = "FirebaseAuthCombine-Community";
		};
		E3FA15892C27DDA50048DC50 /* FirebaseCrashlytics */ = {
			isa = XCSwiftPackageProductDependency;
			package = E3FA15782C27DDA50048DC50 /* XCRemoteSwiftPackageReference "firebase-ios-sdk" */;
			productName = FirebaseCrashlytics;
		};
		E3FA158B2C27DDA50048DC50 /* FirebaseDatabase */ = {
			isa = XCSwiftPackageProductDependency;
			package = E3FA15782C27DDA50048DC50 /* XCRemoteSwiftPackageReference "firebase-ios-sdk" */;
			productName = FirebaseDatabase;
		};
		E3FA158D2C27DDA50048DC50 /* FirebaseDatabaseSwift */ = {
			isa = XCSwiftPackageProductDependency;
			package = E3FA15782C27DDA50048DC50 /* XCRemoteSwiftPackageReference "firebase-ios-sdk" */;
			productName = FirebaseDatabaseSwift;
		};
		E3FA158F2C27DDA50048DC50 /* FirebaseDynamicLinks */ = {
			isa = XCSwiftPackageProductDependency;
			package = E3FA15782C27DDA50048DC50 /* XCRemoteSwiftPackageReference "firebase-ios-sdk" */;
			productName = FirebaseDynamicLinks;
		};
		E3FA15912C27DDA50048DC50 /* FirebaseFirestore */ = {
			isa = XCSwiftPackageProductDependency;
			package = E3FA15782C27DDA50048DC50 /* XCRemoteSwiftPackageReference "firebase-ios-sdk" */;
			productName = FirebaseFirestore;
		};
		E3FA15932C27DDA50048DC50 /* FirebaseFirestoreCombine-Community */ = {
			isa = XCSwiftPackageProductDependency;
			package = E3FA15782C27DDA50048DC50 /* XCRemoteSwiftPackageReference "firebase-ios-sdk" */;
			productName = "FirebaseFirestoreCombine-Community";
		};
		E3FA15952C27DDA50048DC50 /* FirebaseFirestoreSwift */ = {
			isa = XCSwiftPackageProductDependency;
			package = E3FA15782C27DDA50048DC50 /* XCRemoteSwiftPackageReference "firebase-ios-sdk" */;
			productName = FirebaseFirestoreSwift;
		};
		E3FA15972C27DDA50048DC50 /* FirebaseFunctions */ = {
			isa = XCSwiftPackageProductDependency;
			package = E3FA15782C27DDA50048DC50 /* XCRemoteSwiftPackageReference "firebase-ios-sdk" */;
			productName = FirebaseFunctions;
		};
		E3FA15992C27DDA50048DC50 /* FirebaseFunctionsCombine-Community */ = {
			isa = XCSwiftPackageProductDependency;
			package = E3FA15782C27DDA50048DC50 /* XCRemoteSwiftPackageReference "firebase-ios-sdk" */;
			productName = "FirebaseFunctionsCombine-Community";
		};
		E3FA159B2C27DDA50048DC50 /* FirebaseInAppMessaging-Beta */ = {
			isa = XCSwiftPackageProductDependency;
			package = E3FA15782C27DDA50048DC50 /* XCRemoteSwiftPackageReference "firebase-ios-sdk" */;
			productName = "FirebaseInAppMessaging-Beta";
		};
		E3FA159D2C27DDA50048DC50 /* FirebaseInAppMessagingSwift-Beta */ = {
			isa = XCSwiftPackageProductDependency;
			package = E3FA15782C27DDA50048DC50 /* XCRemoteSwiftPackageReference "firebase-ios-sdk" */;
			productName = "FirebaseInAppMessagingSwift-Beta";
		};
		E3FA159F2C27DDA50048DC50 /* FirebaseInstallations */ = {
			isa = XCSwiftPackageProductDependency;
			package = E3FA15782C27DDA50048DC50 /* XCRemoteSwiftPackageReference "firebase-ios-sdk" */;
			productName = FirebaseInstallations;
		};
		E3FA15A12C27DDA50048DC50 /* FirebaseMLModelDownloader */ = {
			isa = XCSwiftPackageProductDependency;
			package = E3FA15782C27DDA50048DC50 /* XCRemoteSwiftPackageReference "firebase-ios-sdk" */;
			productName = FirebaseMLModelDownloader;
		};
		E3FA15A32C27DDA50048DC50 /* FirebaseMessaging */ = {
			isa = XCSwiftPackageProductDependency;
			package = E3FA15782C27DDA50048DC50 /* XCRemoteSwiftPackageReference "firebase-ios-sdk" */;
			productName = FirebaseMessaging;
		};
		E3FA15A52C27DDA50048DC50 /* FirebasePerformance */ = {
			isa = XCSwiftPackageProductDependency;
			package = E3FA15782C27DDA50048DC50 /* XCRemoteSwiftPackageReference "firebase-ios-sdk" */;
			productName = FirebasePerformance;
		};
		E3FA15A72C27DDA50048DC50 /* FirebaseRemoteConfig */ = {
			isa = XCSwiftPackageProductDependency;
			package = E3FA15782C27DDA50048DC50 /* XCRemoteSwiftPackageReference "firebase-ios-sdk" */;
			productName = FirebaseRemoteConfig;
		};
		E3FA15A92C27DDA50048DC50 /* FirebaseRemoteConfigSwift */ = {
			isa = XCSwiftPackageProductDependency;
			package = E3FA15782C27DDA50048DC50 /* XCRemoteSwiftPackageReference "firebase-ios-sdk" */;
			productName = FirebaseRemoteConfigSwift;
		};
		E3FA15AB2C27DDA50048DC50 /* FirebaseStorage */ = {
			isa = XCSwiftPackageProductDependency;
			package = E3FA15782C27DDA50048DC50 /* XCRemoteSwiftPackageReference "firebase-ios-sdk" */;
			productName = FirebaseStorage;
		};
		E3FA15AD2C27DDA50048DC50 /* FirebaseStorageCombine-Community */ = {
			isa = XCSwiftPackageProductDependency;
			package = E3FA15782C27DDA50048DC50 /* XCRemoteSwiftPackageReference "firebase-ios-sdk" */;
			productName = "FirebaseStorageCombine-Community";
		};
		E3FA15AF2C27DDA50048DC50 /* FirebaseVertexAI-Preview */ = {
			isa = XCSwiftPackageProductDependency;
			package = E3FA15782C27DDA50048DC50 /* XCRemoteSwiftPackageReference "firebase-ios-sdk" */;
			productName = "FirebaseVertexAI-Preview";
		};
/* End XCSwiftPackageProductDependency section */
	};
	rootObject = E330BEEB2C26A4F100D877B1 /* Project object */;
}
